
Microsoft Visual Studio Solution File, Format Version 12.00
# Visual Studio Version 16
VisualStudioVersion = 16.0.33423.256
MinimumVisualStudioVersion = 10.0.40219.1
Project("{FAE04EC0-301F-11D3-BF4B-00C04F79EFBC}") = "Tugas1_Aplikasi Sederhana", "Tugas1_Aplikasi Sederhana\Tugas1_Aplikasi Sederhana.csproj", "{F32A38CD-597A-4EE3-BF27-7CDC98793B13}"
EndProject
Global
	GlobalSection(SolutionConfigurationPlatforms) = preSolution
		Debug|Any CPU = Debug|Any CPU
		Release|Any CPU = Release|Any CPU
	EndGlobalSection
	GlobalSection(ProjectConfigurationPlatforms) = postSolution
		{F32A38CD-597A-4EE3-BF27-7CDC98793B13}.Debug|Any CPU.ActiveCfg = Debug|Any CPU
		{F32A38CD-597A-4EE3-BF27-7CDC98793B13}.Debug|Any CPU.Build.0 = Debug|Any CPU
		{F32A38CD-597A-4EE3-BF27-7CDC98793B13}.Release|Any CPU.ActiveCfg = Release|Any CPU
		{F32A38CD-597A-4EE3-BF27-7CDC98793B13}.Release|Any CPU.Build.0 = Release|Any CPU
	EndGlobalSection
	GlobalSection(SolutionProperties) = preSolution
		HideSolutionNode = FALSE
	EndGlobalSection
	GlobalSection(ExtensibilityGlobals) = postSolution
		SolutionGuid = {EB21DEA9-C4A0-4CE7-B6E7-7FA42C50807E}
	EndGlobalSection
EndGlobal
